
Microsoft Visual Studio Solution File, Format Version 12.00
# Visual Studio Version 16
VisualStudioVersion = 16.0.29728.190
MinimumVisualStudioVersion = 10.0.40219.1
Project("{FAE04EC0-301F-11D3-BF4B-00C04F79EFBC}") = "Iso.Opc.ApplicationNodeManager", "ApplicationNodeManager\Iso.Opc.ApplicationNodeManager.csproj", "{D1DCE023-982F-4D26-B674-A1057F6595DB}"
EndProject
Project("{FAE04EC0-301F-11D3-BF4B-00C04F79EFBC}") = "Iso.Opc.ApplicationManager", "ApplicationManager\Iso.Opc.ApplicationManager.csproj", "{05C3AB19-150B-4FBB-85AA-760BEED083A4}"
EndProject
Project("{FAE04EC0-301F-11D3-BF4B-00C04F79EFBC}") = "Server", "Examples\Server\Server.csproj", "{C1EC8AA4-DA7C-48AA-AB7A-A07D0C6D9B3D}"
EndProject
Project("{FAE04EC0-301F-11D3-BF4B-00C04F79EFBC}") = "Client", "Examples\Client\Client.csproj", "{3C4559D2-66C1-4672-8333-F578B05F8753}"
EndProject
Project("{FAE04EC0-301F-11D3-BF4B-00C04F79EFBC}") = "GlobalDiscoveryService", "Examples\GlobalDiscoveryService\GlobalDiscoveryService.csproj", "{5E83EF52-7D65-4863-BD35-26399D984A27}"
EndProject
Project("{FAE04EC0-301F-11D3-BF4B-00C04F79EFBC}") = "Iso.Opc.Interface", "Iso.Opc.Interface\Iso.Opc.Interface.csproj", "{EBA60041-B1B0-4313-B9F8-53ADDD272630}"
EndProject
Global
	GlobalSection(SolutionConfigurationPlatforms) = preSolution
		Debug|Any CPU = Debug|Any CPU
		Release|Any CPU = Release|Any CPU
	EndGlobalSection
	GlobalSection(ProjectConfigurationPlatforms) = postSolution
		{D1DCE023-982F-4D26-B674-A1057F6595DB}.Debug|Any CPU.ActiveCfg = Debug|Any CPU
		{D1DCE023-982F-4D26-B674-A1057F6595DB}.Debug|Any CPU.Build.0 = Debug|Any CPU
		{D1DCE023-982F-4D26-B674-A1057F6595DB}.Release|Any CPU.ActiveCfg = Release|Any CPU
		{D1DCE023-982F-4D26-B674-A1057F6595DB}.Release|Any CPU.Build.0 = Release|Any CPU
		{05C3AB19-150B-4FBB-85AA-760BEED083A4}.Debug|Any CPU.ActiveCfg = Debug|Any CPU
		{05C3AB19-150B-4FBB-85AA-760BEED083A4}.Debug|Any CPU.Build.0 = Debug|Any CPU
		{05C3AB19-150B-4FBB-85AA-760BEED083A4}.Release|Any CPU.ActiveCfg = Release|Any CPU
		{05C3AB19-150B-4FBB-85AA-760BEED083A4}.Release|Any CPU.Build.0 = Release|Any CPU
		{C1EC8AA4-DA7C-48AA-AB7A-A07D0C6D9B3D}.Debug|Any CPU.ActiveCfg = Debug|Any CPU
		{C1EC8AA4-DA7C-48AA-AB7A-A07D0C6D9B3D}.Debug|Any CPU.Build.0 = Debug|Any CPU
		{C1EC8AA4-DA7C-48AA-AB7A-A07D0C6D9B3D}.Release|Any CPU.ActiveCfg = Release|Any CPU
		{C1EC8AA4-DA7C-48AA-AB7A-A07D0C6D9B3D}.Release|Any CPU.Build.0 = Release|Any CPU
		{3C4559D2-66C1-4672-8333-F578B05F8753}.Debug|Any CPU.ActiveCfg = Debug|Any CPU
		{3C4559D2-66C1-4672-8333-F578B05F8753}.Debug|Any CPU.Build.0 = Debug|Any CPU
		{3C4559D2-66C1-4672-8333-F578B05F8753}.Release|Any CPU.ActiveCfg = Release|Any CPU
		{3C4559D2-66C1-4672-8333-F578B05F8753}.Release|Any CPU.Build.0 = Release|Any CPU
		{5E83EF52-7D65-4863-BD35-26399D984A27}.Debug|Any CPU.ActiveCfg = Debug|Any CPU
		{5E83EF52-7D65-4863-BD35-26399D984A27}.Debug|Any CPU.Build.0 = Debug|Any CPU
		{5E83EF52-7D65-4863-BD35-26399D984A27}.Release|Any CPU.ActiveCfg = Release|Any CPU
		{5E83EF52-7D65-4863-BD35-26399D984A27}.Release|Any CPU.Build.0 = Release|Any CPU
		{EBA60041-B1B0-4313-B9F8-53ADDD272630}.Debug|Any CPU.ActiveCfg = Debug|Any CPU
		{EBA60041-B1B0-4313-B9F8-53ADDD272630}.Debug|Any CPU.Build.0 = Debug|Any CPU
		{EBA60041-B1B0-4313-B9F8-53ADDD272630}.Release|Any CPU.ActiveCfg = Release|Any CPU
		{EBA60041-B1B0-4313-B9F8-53ADDD272630}.Release|Any CPU.Build.0 = Release|Any CPU
	EndGlobalSection
	GlobalSection(SolutionProperties) = preSolution
		HideSolutionNode = FALSE
	EndGlobalSection
	GlobalSection(ExtensibilityGlobals) = postSolution
		SolutionGuid = {5B1ED044-F49B-4689-94C9-85C2C10FDC83}
	EndGlobalSection
EndGlobal
