
Microsoft Visual Studio Solution File, Format Version 12.00
# Visual Studio Version 16
VisualStudioVersion = 16.0.29905.134
MinimumVisualStudioVersion = 10.0.40219.1
Project("{FAE04EC0-301F-11D3-BF4B-00C04F79EFBC}") = "ControllerServerNodeManagerPlugin", "Examples\Plugins\ControllerServerNodeManagerPlugin\ControllerServerNodeManagerPlugin.csproj", "{BFC52425-2E7A-440F-9F48-C04136F9666C}"
EndProject
Project("{FAE04EC0-301F-11D3-BF4B-00C04F79EFBC}") = "XMLServerNodeManagerPlugin", "Examples\Plugins\XMLServerNodeManagerPlugin\XMLServerNodeManagerPlugin.csproj", "{D90AF09D-81C1-42A3-B8B6-2BEC2EE8947A}"
EndProject
Project("{9A19103F-16F7-4668-BE54-9A1E7A4F7556}") = "Iso.Opc.Core", "Iso.Opc.Core\Iso.Opc.Core.csproj", "{DD62E8C5-13D7-48E0-B1E3-3D54122CC246}"
EndProject
Project("{9A19103F-16F7-4668-BE54-9A1E7A4F7556}") = "Iso.Opc.Server", "Examples\Iso.Opc.Server\Iso.Opc.Server.csproj", "{C69F4BC5-F179-4D77-967A-C13B4E4E4F74}"
EndProject
Project("{9A19103F-16F7-4668-BE54-9A1E7A4F7556}") = "Iso.Opc.GlobalDiscoveryServer", "Examples\Iso.Opc.GlobalDiscoveryServer\Iso.Opc.GlobalDiscoveryServer.csproj", "{91CEDE6F-0238-4102-8CC3-E7B37E65195E}"
EndProject
Project("{FAE04EC0-301F-11D3-BF4B-00C04F79EFBC}") = "Iso.Opc.Client", "Examples\Iso.Opc.Client\Iso.Opc.Client.csproj", "{913437EA-D2A1-4A93-B09F-062E8BC7DE1C}"
EndProject
Global
	GlobalSection(SolutionConfigurationPlatforms) = preSolution
		Debug|Any CPU = Debug|Any CPU
		Release|Any CPU = Release|Any CPU
	EndGlobalSection
	GlobalSection(ProjectConfigurationPlatforms) = postSolution
		{BFC52425-2E7A-440F-9F48-C04136F9666C}.Debug|Any CPU.ActiveCfg = Debug|Any CPU
		{BFC52425-2E7A-440F-9F48-C04136F9666C}.Debug|Any CPU.Build.0 = Debug|Any CPU
		{BFC52425-2E7A-440F-9F48-C04136F9666C}.Release|Any CPU.ActiveCfg = Release|Any CPU
		{BFC52425-2E7A-440F-9F48-C04136F9666C}.Release|Any CPU.Build.0 = Release|Any CPU
		{D90AF09D-81C1-42A3-B8B6-2BEC2EE8947A}.Debug|Any CPU.ActiveCfg = Debug|Any CPU
		{D90AF09D-81C1-42A3-B8B6-2BEC2EE8947A}.Debug|Any CPU.Build.0 = Debug|Any CPU
		{D90AF09D-81C1-42A3-B8B6-2BEC2EE8947A}.Release|Any CPU.ActiveCfg = Release|Any CPU
		{D90AF09D-81C1-42A3-B8B6-2BEC2EE8947A}.Release|Any CPU.Build.0 = Release|Any CPU
		{DD62E8C5-13D7-48E0-B1E3-3D54122CC246}.Debug|Any CPU.ActiveCfg = Debug|Any CPU
		{DD62E8C5-13D7-48E0-B1E3-3D54122CC246}.Debug|Any CPU.Build.0 = Debug|Any CPU
		{DD62E8C5-13D7-48E0-B1E3-3D54122CC246}.Release|Any CPU.ActiveCfg = Release|Any CPU
		{DD62E8C5-13D7-48E0-B1E3-3D54122CC246}.Release|Any CPU.Build.0 = Release|Any CPU
		{C69F4BC5-F179-4D77-967A-C13B4E4E4F74}.Debug|Any CPU.ActiveCfg = Debug|Any CPU
		{C69F4BC5-F179-4D77-967A-C13B4E4E4F74}.Debug|Any CPU.Build.0 = Debug|Any CPU
		{C69F4BC5-F179-4D77-967A-C13B4E4E4F74}.Release|Any CPU.ActiveCfg = Release|Any CPU
		{C69F4BC5-F179-4D77-967A-C13B4E4E4F74}.Release|Any CPU.Build.0 = Release|Any CPU
		{91CEDE6F-0238-4102-8CC3-E7B37E65195E}.Debug|Any CPU.ActiveCfg = Debug|Any CPU
		{91CEDE6F-0238-4102-8CC3-E7B37E65195E}.Debug|Any CPU.Build.0 = Debug|Any CPU
		{91CEDE6F-0238-4102-8CC3-E7B37E65195E}.Release|Any CPU.ActiveCfg = Release|Any CPU
		{91CEDE6F-0238-4102-8CC3-E7B37E65195E}.Release|Any CPU.Build.0 = Release|Any CPU
		{913437EA-D2A1-4A93-B09F-062E8BC7DE1C}.Debug|Any CPU.ActiveCfg = Debug|Any CPU
		{913437EA-D2A1-4A93-B09F-062E8BC7DE1C}.Debug|Any CPU.Build.0 = Debug|Any CPU
		{913437EA-D2A1-4A93-B09F-062E8BC7DE1C}.Release|Any CPU.ActiveCfg = Release|Any CPU
		{913437EA-D2A1-4A93-B09F-062E8BC7DE1C}.Release|Any CPU.Build.0 = Release|Any CPU
	EndGlobalSection
	GlobalSection(SolutionProperties) = preSolution
		HideSolutionNode = FALSE
	EndGlobalSection
	GlobalSection(ExtensibilityGlobals) = postSolution
		SolutionGuid = {5B1ED044-F49B-4689-94C9-85C2C10FDC83}
	EndGlobalSection
EndGlobal
